
Microsoft Visual Studio Solution File, Format Version 12.00
# Visual Studio Version 17
VisualStudioVersion = 17.5.33516.290
MinimumVisualStudioVersion = 10.0.40219.1
Project("{9A19103F-16F7-4668-BE54-9A1E7A4F7556}") = "Hahn.DDD.API", "Hahn_DDD.API\Hahn.DDD.API.csproj", "{CC3423DC-4A80-4F66-91EF-28D2AF336532}"
EndProject
Project("{2150E333-8FDC-42A3-9474-1A3956D46DE8}") = "Infrastructure", "Infrastructure", "{D4CC38D4-C2EB-4B50-BF26-FDF2F616BB1F}"
EndProject
Project("{2150E333-8FDC-42A3-9474-1A3956D46DE8}") = "API", "API", "{617980C4-B133-458B-AA25-493387E7514A}"
EndProject
Project("{2150E333-8FDC-42A3-9474-1A3956D46DE8}") = "Core", "Core", "{16D11207-8230-439B-BFD1-D729080A99F0}"
EndProject
Project("{9A19103F-16F7-4668-BE54-9A1E7A4F7556}") = "Hahn.DDD.Domain", "Hahn_DDD.Domain\Hahn.DDD.Domain.csproj", "{CF66D963-4B55-4962-8615-A3D4CB81774D}"
EndProject
Project("{2150E333-8FDC-42A3-9474-1A3956D46DE8}") = "src", "src", "{BFD4791F-3C06-4ED8-925E-B8D17D23D6BB}"
EndProject
Project("{9A19103F-16F7-4668-BE54-9A1E7A4F7556}") = "Hahn.DDD.Application", "Hahn.DDD.Application\Hahn.DDD.Application.csproj", "{4698D5FE-4684-4065-83F2-A723BF1A4F09}"
EndProject
Project("{9A19103F-16F7-4668-BE54-9A1E7A4F7556}") = "Hahn.DDD.Infrastructure", "Hahn.DDD.Infrastructure\Hahn.DDD.Infrastructure.csproj", "{9C8825C0-6E6E-485D-B39A-9D79714DFDC2}"
EndProject
Project("{E53339B2-1760-4266-BCC7-CA923CBCF16C}") = "docker-compose", "docker-compose.dcproj", "{BC60F286-E52F-4503-AD71-9FD342A94CDD}"
EndProject
Project("{FAE04EC0-301F-11D3-BF4B-00C04F79EFBC}") = "Hahn.DDD.Identity", "..\Hahn.DDD.Identity\Hahn.DDD.Identity.csproj", "{19492145-3F5E-48C0-9DF0-17743B90D3F4}"
EndProject
Global
	GlobalSection(SolutionConfigurationPlatforms) = preSolution
		Debug|Any CPU = Debug|Any CPU
		Release|Any CPU = Release|Any CPU
	EndGlobalSection
	GlobalSection(ProjectConfigurationPlatforms) = postSolution
		{CC3423DC-4A80-4F66-91EF-28D2AF336532}.Debug|Any CPU.ActiveCfg = Debug|Any CPU
		{CC3423DC-4A80-4F66-91EF-28D2AF336532}.Debug|Any CPU.Build.0 = Debug|Any CPU
		{CC3423DC-4A80-4F66-91EF-28D2AF336532}.Release|Any CPU.ActiveCfg = Release|Any CPU
		{CC3423DC-4A80-4F66-91EF-28D2AF336532}.Release|Any CPU.Build.0 = Release|Any CPU
		{CF66D963-4B55-4962-8615-A3D4CB81774D}.Debug|Any CPU.ActiveCfg = Debug|Any CPU
		{CF66D963-4B55-4962-8615-A3D4CB81774D}.Debug|Any CPU.Build.0 = Debug|Any CPU
		{CF66D963-4B55-4962-8615-A3D4CB81774D}.Release|Any CPU.ActiveCfg = Release|Any CPU
		{CF66D963-4B55-4962-8615-A3D4CB81774D}.Release|Any CPU.Build.0 = Release|Any CPU
		{4698D5FE-4684-4065-83F2-A723BF1A4F09}.Debug|Any CPU.ActiveCfg = Debug|Any CPU
		{4698D5FE-4684-4065-83F2-A723BF1A4F09}.Debug|Any CPU.Build.0 = Debug|Any CPU
		{4698D5FE-4684-4065-83F2-A723BF1A4F09}.Release|Any CPU.ActiveCfg = Release|Any CPU
		{4698D5FE-4684-4065-83F2-A723BF1A4F09}.Release|Any CPU.Build.0 = Release|Any CPU
		{9C8825C0-6E6E-485D-B39A-9D79714DFDC2}.Debug|Any CPU.ActiveCfg = Debug|Any CPU
		{9C8825C0-6E6E-485D-B39A-9D79714DFDC2}.Debug|Any CPU.Build.0 = Debug|Any CPU
		{9C8825C0-6E6E-485D-B39A-9D79714DFDC2}.Release|Any CPU.ActiveCfg = Release|Any CPU
		{9C8825C0-6E6E-485D-B39A-9D79714DFDC2}.Release|Any CPU.Build.0 = Release|Any CPU
		{BC60F286-E52F-4503-AD71-9FD342A94CDD}.Debug|Any CPU.ActiveCfg = Debug|Any CPU
		{BC60F286-E52F-4503-AD71-9FD342A94CDD}.Debug|Any CPU.Build.0 = Debug|Any CPU
		{BC60F286-E52F-4503-AD71-9FD342A94CDD}.Release|Any CPU.ActiveCfg = Release|Any CPU
		{BC60F286-E52F-4503-AD71-9FD342A94CDD}.Release|Any CPU.Build.0 = Release|Any CPU
		{19492145-3F5E-48C0-9DF0-17743B90D3F4}.Debug|Any CPU.ActiveCfg = Debug|Any CPU
		{19492145-3F5E-48C0-9DF0-17743B90D3F4}.Debug|Any CPU.Build.0 = Debug|Any CPU
		{19492145-3F5E-48C0-9DF0-17743B90D3F4}.Release|Any CPU.ActiveCfg = Release|Any CPU
		{19492145-3F5E-48C0-9DF0-17743B90D3F4}.Release|Any CPU.Build.0 = Release|Any CPU
	EndGlobalSection
	GlobalSection(SolutionProperties) = preSolution
		HideSolutionNode = FALSE
	EndGlobalSection
	GlobalSection(NestedProjects) = preSolution
		{CC3423DC-4A80-4F66-91EF-28D2AF336532} = {617980C4-B133-458B-AA25-493387E7514A}
		{D4CC38D4-C2EB-4B50-BF26-FDF2F616BB1F} = {BFD4791F-3C06-4ED8-925E-B8D17D23D6BB}
		{617980C4-B133-458B-AA25-493387E7514A} = {BFD4791F-3C06-4ED8-925E-B8D17D23D6BB}
		{16D11207-8230-439B-BFD1-D729080A99F0} = {BFD4791F-3C06-4ED8-925E-B8D17D23D6BB}
		{CF66D963-4B55-4962-8615-A3D4CB81774D} = {16D11207-8230-439B-BFD1-D729080A99F0}
		{4698D5FE-4684-4065-83F2-A723BF1A4F09} = {16D11207-8230-439B-BFD1-D729080A99F0}
		{9C8825C0-6E6E-485D-B39A-9D79714DFDC2} = {D4CC38D4-C2EB-4B50-BF26-FDF2F616BB1F}
		{19492145-3F5E-48C0-9DF0-17743B90D3F4} = {D4CC38D4-C2EB-4B50-BF26-FDF2F616BB1F}
	EndGlobalSection
	GlobalSection(ExtensibilityGlobals) = postSolution
		SolutionGuid = {2AB3DC4E-2F59-4A39-8067-D755ACC82CA0}
	EndGlobalSection
EndGlobal
